
Microsoft Visual Studio Solution File, Format Version 12.00
# Visual Studio Version 17
VisualStudioVersion = 17.4.33110.190
MinimumVisualStudioVersion = 10.0.40219.1
Project("{9A19103F-16F7-4668-BE54-9A1E7A4F7556}") = "VariableType", "..\Boxing\VariableType.csproj", "{178C2E96-20B5-4FC5-AC6C-F36675916C27}"
EndProject
Project("{9A19103F-16F7-4668-BE54-9A1E7A4F7556}") = "Boxing", "..\BoxingAndUnBoxing\Boxing.csproj", "{D88D15BA-9308-4FE6-9B2B-5149520CF4C7}"
EndProject
Project("{9A19103F-16F7-4668-BE54-9A1E7A4F7556}") = "Class", "Class\Class.csproj", "{5F8C49A1-1332-4C88-8453-20BCFCBD01E5}"
EndProject
Project("{FAE04EC0-301F-11D3-BF4B-00C04F79EFBC}") = "Constructor", "Constructor\Constructor.csproj", "{02C0EDA6-E919-430E-8D57-4C117A704F21}"
EndProject
Global
	GlobalSection(SolutionConfigurationPlatforms) = preSolution
		Debug|Any CPU = Debug|Any CPU
		Release|Any CPU = Release|Any CPU
	EndGlobalSection
	GlobalSection(ProjectConfigurationPlatforms) = postSolution
		{178C2E96-20B5-4FC5-AC6C-F36675916C27}.Debug|Any CPU.ActiveCfg = Debug|Any CPU
		{178C2E96-20B5-4FC5-AC6C-F36675916C27}.Debug|Any CPU.Build.0 = Debug|Any CPU
		{178C2E96-20B5-4FC5-AC6C-F36675916C27}.Release|Any CPU.ActiveCfg = Release|Any CPU
		{178C2E96-20B5-4FC5-AC6C-F36675916C27}.Release|Any CPU.Build.0 = Release|Any CPU
		{D88D15BA-9308-4FE6-9B2B-5149520CF4C7}.Debug|Any CPU.ActiveCfg = Debug|Any CPU
		{D88D15BA-9308-4FE6-9B2B-5149520CF4C7}.Debug|Any CPU.Build.0 = Debug|Any CPU
		{D88D15BA-9308-4FE6-9B2B-5149520CF4C7}.Release|Any CPU.ActiveCfg = Release|Any CPU
		{D88D15BA-9308-4FE6-9B2B-5149520CF4C7}.Release|Any CPU.Build.0 = Release|Any CPU
		{5F8C49A1-1332-4C88-8453-20BCFCBD01E5}.Debug|Any CPU.ActiveCfg = Debug|Any CPU
		{5F8C49A1-1332-4C88-8453-20BCFCBD01E5}.Debug|Any CPU.Build.0 = Debug|Any CPU
		{5F8C49A1-1332-4C88-8453-20BCFCBD01E5}.Release|Any CPU.ActiveCfg = Release|Any CPU
		{5F8C49A1-1332-4C88-8453-20BCFCBD01E5}.Release|Any CPU.Build.0 = Release|Any CPU
		{02C0EDA6-E919-430E-8D57-4C117A704F21}.Debug|Any CPU.ActiveCfg = Debug|Any CPU
		{02C0EDA6-E919-430E-8D57-4C117A704F21}.Debug|Any CPU.Build.0 = Debug|Any CPU
		{02C0EDA6-E919-430E-8D57-4C117A704F21}.Release|Any CPU.ActiveCfg = Release|Any CPU
		{02C0EDA6-E919-430E-8D57-4C117A704F21}.Release|Any CPU.Build.0 = Release|Any CPU
	EndGlobalSection
	GlobalSection(SolutionProperties) = preSolution
		HideSolutionNode = FALSE
	EndGlobalSection
	GlobalSection(ExtensibilityGlobals) = postSolution
		SolutionGuid = {E639FFF0-3977-4303-880A-61ECE7BD8382}
	EndGlobalSection
EndGlobal
