
Microsoft Visual Studio Solution File, Format Version 12.00
# Visual Studio Version 17
VisualStudioVersion = 17.9.34728.123
MinimumVisualStudioVersion = 10.0.40219.1
Project("{8BC9CEB8-8B4A-11D0-8D11-00A0C91BC942}") = "Program", "Program.vcxproj", "{8CAEE2B0-0A89-4983-AA2C-2589D516065F}"
EndProject
Project("{8BC9CEB8-8B4A-11D0-8D11-00A0C91BC942}") = "Class1th (GetAsyncKeyState)", "..\Class1th (GetAsyncKeyState)\Class1th (GetAsyncKeyState).vcxproj", "{CEC18732-18B6-44DE-B8F7-0EB94B03BD76}"
EndProject
Project("{8BC9CEB8-8B4A-11D0-8D11-00A0C91BC942}") = "Class4th (File Input and Output)", "..\Class4th (File Input and Output)\Class4th (File Input and Output).vcxproj", "{E1C4388D-FD0F-463A-B34F-B5FA02865846}"
EndProject
Project("{8BC9CEB8-8B4A-11D0-8D11-00A0C91BC942}") = "Class3th (Mouse)", "..\Class3th (Mouse)\Class3th (Mouse).vcxproj", "{AEA9E6A0-661E-41BE-82CA-8A07C217B21D}"
EndProject
Project("{8BC9CEB8-8B4A-11D0-8D11-00A0C91BC942}") = "Class5th (Double Buffer)", "..\Class5th (Double Buffer)\Class5th (Double Buffer).vcxproj", "{05CA2817-214C-4399-BEC0-18F646352E0D}"
EndProject
Project("{8BC9CEB8-8B4A-11D0-8D11-00A0C91BC942}") = "Class2th (Time)", "..\Class2th (Time)\Class2th (Time).vcxproj", "{B2A26923-A737-4904-974A-D84BC402BB91}"
EndProject
Project("{8BC9CEB8-8B4A-11D0-8D11-00A0C91BC942}") = "Class6th (Color)", "..\Class6th (Color)\Class6th (Color).vcxproj", "{2DDC0637-A559-4F77-8313-F1B603F76835}"
EndProject
Global
	GlobalSection(SolutionConfigurationPlatforms) = preSolution
		Debug|x64 = Debug|x64
		Debug|x86 = Debug|x86
		Release|x64 = Release|x64
		Release|x86 = Release|x86
	EndGlobalSection
	GlobalSection(ProjectConfigurationPlatforms) = postSolution
		{8CAEE2B0-0A89-4983-AA2C-2589D516065F}.Debug|x64.ActiveCfg = Debug|x64
		{8CAEE2B0-0A89-4983-AA2C-2589D516065F}.Debug|x64.Build.0 = Debug|x64
		{8CAEE2B0-0A89-4983-AA2C-2589D516065F}.Debug|x86.ActiveCfg = Debug|Win32
		{8CAEE2B0-0A89-4983-AA2C-2589D516065F}.Debug|x86.Build.0 = Debug|Win32
		{8CAEE2B0-0A89-4983-AA2C-2589D516065F}.Release|x64.ActiveCfg = Release|x64
		{8CAEE2B0-0A89-4983-AA2C-2589D516065F}.Release|x64.Build.0 = Release|x64
		{8CAEE2B0-0A89-4983-AA2C-2589D516065F}.Release|x86.ActiveCfg = Release|Win32
		{8CAEE2B0-0A89-4983-AA2C-2589D516065F}.Release|x86.Build.0 = Release|Win32
		{CEC18732-18B6-44DE-B8F7-0EB94B03BD76}.Debug|x64.ActiveCfg = Debug|x64
		{CEC18732-18B6-44DE-B8F7-0EB94B03BD76}.Debug|x64.Build.0 = Debug|x64
		{CEC18732-18B6-44DE-B8F7-0EB94B03BD76}.Debug|x86.ActiveCfg = Debug|Win32
		{CEC18732-18B6-44DE-B8F7-0EB94B03BD76}.Debug|x86.Build.0 = Debug|Win32
		{CEC18732-18B6-44DE-B8F7-0EB94B03BD76}.Release|x64.ActiveCfg = Release|x64
		{CEC18732-18B6-44DE-B8F7-0EB94B03BD76}.Release|x64.Build.0 = Release|x64
		{CEC18732-18B6-44DE-B8F7-0EB94B03BD76}.Release|x86.ActiveCfg = Release|Win32
		{CEC18732-18B6-44DE-B8F7-0EB94B03BD76}.Release|x86.Build.0 = Release|Win32
		{E1C4388D-FD0F-463A-B34F-B5FA02865846}.Debug|x64.ActiveCfg = Debug|x64
		{E1C4388D-FD0F-463A-B34F-B5FA02865846}.Debug|x64.Build.0 = Debug|x64
		{E1C4388D-FD0F-463A-B34F-B5FA02865846}.Debug|x86.ActiveCfg = Debug|Win32
		{E1C4388D-FD0F-463A-B34F-B5FA02865846}.Debug|x86.Build.0 = Debug|Win32
		{E1C4388D-FD0F-463A-B34F-B5FA02865846}.Release|x64.ActiveCfg = Release|x64
		{E1C4388D-FD0F-463A-B34F-B5FA02865846}.Release|x64.Build.0 = Release|x64
		{E1C4388D-FD0F-463A-B34F-B5FA02865846}.Release|x86.ActiveCfg = Release|Win32
		{E1C4388D-FD0F-463A-B34F-B5FA02865846}.Release|x86.Build.0 = Release|Win32
		{AEA9E6A0-661E-41BE-82CA-8A07C217B21D}.Debug|x64.ActiveCfg = Debug|x64
		{AEA9E6A0-661E-41BE-82CA-8A07C217B21D}.Debug|x64.Build.0 = Debug|x64
		{AEA9E6A0-661E-41BE-82CA-8A07C217B21D}.Debug|x86.ActiveCfg = Debug|Win32
		{AEA9E6A0-661E-41BE-82CA-8A07C217B21D}.Debug|x86.Build.0 = Debug|Win32
		{AEA9E6A0-661E-41BE-82CA-8A07C217B21D}.Release|x64.ActiveCfg = Release|x64
		{AEA9E6A0-661E-41BE-82CA-8A07C217B21D}.Release|x64.Build.0 = Release|x64
		{AEA9E6A0-661E-41BE-82CA-8A07C217B21D}.Release|x86.ActiveCfg = Release|Win32
		{AEA9E6A0-661E-41BE-82CA-8A07C217B21D}.Release|x86.Build.0 = Release|Win32
		{05CA2817-214C-4399-BEC0-18F646352E0D}.Debug|x64.ActiveCfg = Debug|x64
		{05CA2817-214C-4399-BEC0-18F646352E0D}.Debug|x64.Build.0 = Debug|x64
		{05CA2817-214C-4399-BEC0-18F646352E0D}.Debug|x86.ActiveCfg = Debug|Win32
		{05CA2817-214C-4399-BEC0-18F646352E0D}.Debug|x86.Build.0 = Debug|Win32
		{05CA2817-214C-4399-BEC0-18F646352E0D}.Release|x64.ActiveCfg = Release|x64
		{05CA2817-214C-4399-BEC0-18F646352E0D}.Release|x64.Build.0 = Release|x64
		{05CA2817-214C-4399-BEC0-18F646352E0D}.Release|x86.ActiveCfg = Release|Win32
		{05CA2817-214C-4399-BEC0-18F646352E0D}.Release|x86.Build.0 = Release|Win32
		{B2A26923-A737-4904-974A-D84BC402BB91}.Debug|x64.ActiveCfg = Debug|x64
		{B2A26923-A737-4904-974A-D84BC402BB91}.Debug|x64.Build.0 = Debug|x64
		{B2A26923-A737-4904-974A-D84BC402BB91}.Debug|x86.ActiveCfg = Debug|Win32
		{B2A26923-A737-4904-974A-D84BC402BB91}.Debug|x86.Build.0 = Debug|Win32
		{B2A26923-A737-4904-974A-D84BC402BB91}.Release|x64.ActiveCfg = Release|x64
		{B2A26923-A737-4904-974A-D84BC402BB91}.Release|x64.Build.0 = Release|x64
		{B2A26923-A737-4904-974A-D84BC402BB91}.Release|x86.ActiveCfg = Release|Win32
		{B2A26923-A737-4904-974A-D84BC402BB91}.Release|x86.Build.0 = Release|Win32
		{2DDC0637-A559-4F77-8313-F1B603F76835}.Debug|x64.ActiveCfg = Debug|x64
		{2DDC0637-A559-4F77-8313-F1B603F76835}.Debug|x64.Build.0 = Debug|x64
		{2DDC0637-A559-4F77-8313-F1B603F76835}.Debug|x86.ActiveCfg = Debug|Win32
		{2DDC0637-A559-4F77-8313-F1B603F76835}.Debug|x86.Build.0 = Debug|Win32
		{2DDC0637-A559-4F77-8313-F1B603F76835}.Release|x64.ActiveCfg = Release|x64
		{2DDC0637-A559-4F77-8313-F1B603F76835}.Release|x64.Build.0 = Release|x64
		{2DDC0637-A559-4F77-8313-F1B603F76835}.Release|x86.ActiveCfg = Release|Win32
		{2DDC0637-A559-4F77-8313-F1B603F76835}.Release|x86.Build.0 = Release|Win32
	EndGlobalSection
	GlobalSection(SolutionProperties) = preSolution
		HideSolutionNode = FALSE
	EndGlobalSection
	GlobalSection(ExtensibilityGlobals) = postSolution
		SolutionGuid = {F1A23415-319F-481B-A6CA-213AB584801A}
	EndGlobalSection
EndGlobal
